// !$*UTF8*$!
{
	archiveVersion = 1;
	classes = {
	};
	objectVersion = 50;
	objects = {

/* Begin PBXBuildFile section */
		ED62D4B1238904C4009B7DA4 /* AppDelegate.swift in Sources */ = {isa = PBXBuildFile; fileRef = ED62D4B0238904C4009B7DA4 /* AppDelegate.swift */; };
		ED62D4B3238904C4009B7DA4 /* SceneDelegate.swift in Sources */ = {isa = PBXBuildFile; fileRef = ED62D4B2238904C4009B7DA4 /* SceneDelegate.swift */; };
		ED62D4B5238904C4009B7DA4 /* ContentView.swift in Sources */ = {isa = PBXBuildFile; fileRef = ED62D4B4238904C4009B7DA4 /* ContentView.swift */; };
		ED62D4B7238904C6009B7DA4 /* Assets.xcassets in Resources */ = {isa = PBXBuildFile; fileRef = ED62D4B6238904C6009B7DA4 /* Assets.xcassets */; };
		ED62D4BA238904C6009B7DA4 /* Preview Assets.xcassets in Resources */ = {isa = PBXBuildFile; fileRef = ED62D4B9238904C6009B7DA4 /* Preview Assets.xcassets */; };
		ED62D4BD238904C6009B7DA4 /* LaunchScreen.storyboard in Resources */ = {isa = PBXBuildFile; fileRef = ED62D4BB238904C6009B7DA4 /* LaunchScreen.storyboard */; };
		ED62D4C52389163D009B7DA4 /* MyCircleImage.swift in Sources */ = {isa = PBXBuildFile; fileRef = ED62D4C42389163D009B7DA4 /* MyCircleImage.swift */; };
		ED62D4C723891DD6009B7DA4 /* MyAvatar.swift in Sources */ = {isa = PBXBuildFile; fileRef = ED62D4C623891DD6009B7DA4 /* MyAvatar.swift */; };
		ED62D4C9238922E4009B7DA4 /* NextView.swift in Sources */ = {isa = PBXBuildFile; fileRef = ED62D4C8238922E4009B7DA4 /* NextView.swift */; };
/* End PBXBuildFile section */

/* Begin PBXFileReference section */
		ED62D4AD238904C4009B7DA4 /* xxx.app */ = {isa = PBXFileReference; explicitFileType = wrapper.application; includeInIndex = 0; path = xxx.app; sourceTree = BUILT_PRODUCTS_DIR; };
		ED62D4B0238904C4009B7DA4 /* AppDelegate.swift */ = {isa = PBXFileReference; lastKnownFileType = sourcecode.swift; path = AppDelegate.swift; sourceTree = "<group>"; };
		ED62D4B2238904C4009B7DA4 /* SceneDelegate.swift */ = {isa = PBXFileReference; lastKnownFileType = sourcecode.swift; path = SceneDelegate.swift; sourceTree = "<group>"; };
		ED62D4B4238904C4009B7DA4 /* ContentView.swift */ = {isa = PBXFileReference; lastKnownFileType = sourcecode.swift; path = ContentView.swift; sourceTree = "<group>"; };
		ED62D4B6238904C6009B7DA4 /* Assets.xcassets */ = {isa = PBXFileReference; lastKnownFileType = folder.assetcatalog; path = Assets.xcassets; sourceTree = "<group>"; };
		ED62D4B9238904C6009B7DA4 /* Preview Assets.xcassets */ = {isa = PBXFileReference; lastKnownFileType = folder.assetcatalog; path = "Preview Assets.xcassets"; sourceTree = "<group>"; };
		ED62D4BC238904C6009B7DA4 /* Base */ = {isa = PBXFileReference; lastKnownFileType = file.storyboard; name = Base; path = Base.lproj/LaunchScreen.storyboard; sourceTree = "<group>"; };
		ED62D4BE238904C6009B7DA4 /* Info.plist */ = {isa = PBXFileReference; lastKnownFileType = text.plist.xml; path = Info.plist; sourceTree = "<group>"; };
		ED62D4C42389163D009B7DA4 /* MyCircleImage.swift */ = {isa = PBXFileReference; lastKnownFileType = sourcecode.swift; path = MyCircleImage.swift; sourceTree = "<group>"; };
		ED62D4C623891DD6009B7DA4 /* MyAvatar.swift */ = {isa = PBXFileReference; lastKnownFileType = sourcecode.swift; path = MyAvatar.swift; sourceTree = "<group>"; };
		ED62D4C8238922E4009B7DA4 /* NextView.swift */ = {isa = PBXFileReference; lastKnownFileType = sourcecode.swift; path = NextView.swift; sourceTree = "<group>"; };
/* End PBXFileReference section */

/* Begin PBXFrameworksBuildPhase section */
		ED62D4AA238904C4009B7DA4 /* Frameworks */ = {
			isa = PBXFrameworksBuildPhase;
			buildActionMask = 2147483647;
			files = (
			);
			runOnlyForDeploymentPostprocessing = 0;
		};
/* End PBXFrameworksBuildPhase section */

/* Begin PBXGroup section */
		ED62D4A4238904C4009B7DA4 = {
			isa = PBXGroup;
			children = (
				ED62D4AF238904C4009B7DA4 /* xxx */,
				ED62D4AE238904C4009B7DA4 /* Products */,
			);
			sourceTree = "<group>";
		};
		ED62D4AE238904C4009B7DA4 /* Products */ = {
			isa = PBXGroup;
			children = (
				ED62D4AD238904C4009B7DA4 /* xxx.app */,
			);
			name = Products;
			sourceTree = "<group>";
		};
		ED62D4AF238904C4009B7DA4 /* xxx */ = {
			isa = PBXGroup;
			children = (
				ED62D4B0238904C4009B7DA4 /* AppDelegate.swift */,
				ED62D4B2238904C4009B7DA4 /* SceneDelegate.swift */,
				ED62D4B4238904C4009B7DA4 /* ContentView.swift */,
				ED62D4B6238904C6009B7DA4 /* Assets.xcassets */,
				ED62D4BB238904C6009B7DA4 /* LaunchScreen.storyboard */,
				ED62D4BE238904C6009B7DA4 /* Info.plist */,
				ED62D4B8238904C6009B7DA4 /* Preview Content */,
				ED62D4C42389163D009B7DA4 /* MyCircleImage.swift */,
				ED62D4C623891DD6009B7DA4 /* MyAvatar.swift */,
				ED62D4C8238922E4009B7DA4 /* NextView.swift */,
			);
			path = xxx;
			sourceTree = "<group>";
		};
		ED62D4B8238904C6009B7DA4 /* Preview Content */ = {
			isa = PBXGroup;
			children = (
				ED62D4B9238904C6009B7DA4 /* Preview Assets.xcassets */,
			);
			path = "Preview Content";
			sourceTree = "<group>";
		};
/* End PBXGroup section */

/* Begin PBXNativeTarget section */
		ED62D4AC238904C4009B7DA4 /* xxx */ = {
			isa = PBXNativeTarget;
			buildConfigurationList = ED62D4C1238904C6009B7DA4 /* Build configuration list for PBXNativeTarget "xxx" */;
			buildPhases = (
				ED62D4A9238904C4009B7DA4 /* Sources */,
				ED62D4AA238904C4009B7DA4 /* Frameworks */,
				ED62D4AB238904C4009B7DA4 /* Resources */,
			);
			buildRules = (
			);
			dependencies = (
			);
			name = xxx;
			productName = xxx;
			productReference = ED62D4AD238904C4009B7DA4 /* xxx.app */;
			productType = "com.apple.product-type.application";
		};
/* End PBXNativeTarget section */

/* Begin PBXProject section */
		ED62D4A5238904C4009B7DA4 /* Project object */ = {
			isa = PBXProject;
			attributes = {
				LastSwiftUpdateCheck = 1120;
				LastUpgradeCheck = 1120;
				ORGANIZATIONNAME = xxx;
				TargetAttributes = {
					ED62D4AC238904C4009B7DA4 = {
						CreatedOnToolsVersion = 11.2.1;
					};
				};
			};
			buildConfigurationList = ED62D4A8238904C4009B7DA4 /* Build configuration list for PBXProject "xxx" */;
			compatibilityVersion = "Xcode 9.3";
			developmentRegion = en;
			hasScannedForEncodings = 0;
			knownRegions = (
				en,
				Base,
			);
			mainGroup = ED62D4A4238904C4009B7DA4;
			productRefGroup = ED62D4AE238904C4009B7DA4 /* Products */;
			projectDirPath = "";
			projectRoot = "";
			targets = (
				ED62D4AC238904C4009B7DA4 /* xxx */,
			);
		};
/* End PBXProject section */

/* Begin PBXResourcesBuildPhase section */
		ED62D4AB238904C4009B7DA4 /* Resources */ = {
			isa = PBXResourcesBuildPhase;
			buildActionMask = 2147483647;
			files = (
				ED62D4BD238904C6009B7DA4 /* LaunchScreen.storyboard in Resources */,
				ED62D4BA238904C6009B7DA4 /* Preview Assets.xcassets in Resources */,
				ED62D4B7238904C6009B7DA4 /* Assets.xcassets in Resources */,
			);
			runOnlyForDeploymentPostprocessing = 0;
		};
/* End PBXResourcesBuildPhase section */

/* Begin PBXSourcesBuildPhase section */
		ED62D4A9238904C4009B7DA4 /* Sources */ = {
			isa = PBXSourcesBuildPhase;
			buildActionMask = 2147483647;
			files = (
				ED62D4B1238904C4009B7DA4 /* AppDelegate.swift in Sources */,
				ED62D4C52389163D009B7DA4 /* MyCircleImage.swift in Sources */,
				ED62D4B3238904C4009B7DA4 /* SceneDelegate.swift in Sources */,
				ED62D4B5238904C4009B7DA4 /* ContentView.swift in Sources */,
				ED62D4C723891DD6009B7DA4 /* MyAvatar.swift in Sources */,
				ED62D4C9238922E4009B7DA4 /* NextView.swift in Sources */,
			);
			runOnlyForDeploymentPostprocessing = 0;
		};
/* End PBXSourcesBuildPhase section */

/* Begin PBXVariantGroup section */
		ED62D4BB238904C6009B7DA4 /* LaunchScreen.storyboard */ = {
			isa = PBXVariantGroup;
			children = (
				ED62D4BC238904C6009B7DA4 /* Base */,
			);
			name = LaunchScreen.storyboard;
			sourceTree = "<group>";
		};
/* End PBXVariantGroup section */

/* Begin XCBuildConfiguration section */
		ED62D4BF238904C6009B7DA4 /* Debug */ = {
			isa = XCBuildConfiguration;
			buildSettings = {
				ALWAYS_SEARCH_USER_PATHS = NO;
				CLANG_ANALYZER_NONNULL = YES;
				CLANG_ANALYZER_NUMBER_OBJECT_CONVERSION = YES_AGGRESSIVE;
				CLANG_CXX_LANGUAGE_STANDARD = "gnu++14";
				CLANG_CXX_LIBRARY = "libc++";
				CLANG_ENABLE_MODULES = YES;
				CLANG_ENABLE_OBJC_ARC = YES;
				CLANG_ENABLE_OBJC_WEAK = YES;
				CLANG_WARN_BLOCK_CAPTURE_AUTORELEASING = YES;
				CLANG_WARN_BOOL_CONVERSION = YES;
				CLANG_WARN_COMMA = YES;
				CLANG_WARN_CONSTANT_CONVERSION = YES;
				CLANG_WARN_DEPRECATED_OBJC_IMPLEMENTATIONS = YES;
				CLANG_WARN_DIRECT_OBJC_ISA_USAGE = YES_ERROR;
				CLANG_WARN_DOCUMENTATION_COMMENTS = YES;
				CLANG_WARN_EMPTY_BODY = YES;
				CLANG_WARN_ENUM_CONVERSION = YES;
				CLANG_WARN_INFINITE_RECURSION = YES;
				CLANG_WARN_INT_CONVERSION = YES;
				CLANG_WARN_NON_LITERAL_NULL_CONVERSION = YES;
				CLANG_WARN_OBJC_IMPLICIT_RETAIN_SELF = YES;
				CLANG_WARN_OBJC_LITERAL_CONVERSION = YES;
				CLANG_WARN_OBJC_ROOT_CLASS = YES_ERROR;
				CLANG_WARN_RANGE_LOOP_ANALYSIS = YES;
				CLANG_WARN_STRICT_PROTOTYPES = YES;
				CLANG_WARN_SUSPICIOUS_MOVE = YES;
				CLANG_WARN_UNGUARDED_AVAILABILITY = YES_AGGRESSIVE;
				CLANG_WARN_UNREACHABLE_CODE = YES;
				CLANG_WARN__DUPLICATE_METHOD_MATCH = YES;
				COPY_PHASE_STRIP = NO;
				DEBUG_INFORMATION_FORMAT = dwarf;
				ENABLE_STRICT_OBJC_MSGSEND = YES;
				ENABLE_TESTABILITY = YES;
				GCC_C_LANGUAGE_STANDARD = gnu11;
				GCC_DYNAMIC_NO_PIC = NO;
				GCC_NO_COMMON_BLOCKS = YES;
				GCC_OPTIMIZATION_LEVEL = 0;
				GCC_PREPROCESSOR_DEFINITIONS = (
					"DEBUG=1",
					"$(inherited)",
				);
				GCC_WARN_64_TO_32_BIT_CONVERSION = YES;
				GCC_WARN_ABOUT_RETURN_TYPE = YES_ERROR;
				GCC_WARN_UNDECLARED_SELECTOR = YES;
				GCC_WARN_UNINITIALIZED_AUTOS = YES_AGGRESSIVE;
				GCC_WARN_UNUSED_FUNCTION = YES;
				GCC_WARN_UNUSED_VARIABLE = YES;
				IPHONEOS_DEPLOYMENT_TARGET = 13.2;
				MTL_ENABLE_DEBUG_INFO = INCLUDE_SOURCE;
				MTL_FAST_MATH = YES;
				ONLY_ACTIVE_ARCH = YES;
				SDKROOT = iphoneos;
				SWIFT_ACTIVE_COMPILATION_CONDITIONS = DEBUG;
				SWIFT_OPTIMIZATION_LEVEL = "-Onone";
			};
			name = Debug;
		};
		ED62D4C0238904C6009B7DA4 /* Release */ = {
			isa = XCBuildConfiguration;
			buildSettings = {
				ALWAYS_SEARCH_USER_PATHS = NO;
				CLANG_ANALYZER_NONNULL = YES;
				CLANG_ANALYZER_NUMBER_OBJECT_CONVERSION = YES_AGGRESSIVE;
				CLANG_CXX_LANGUAGE_STANDARD = "gnu++14";
				CLANG_CXX_LIBRARY = "libc++";
				CLANG_ENABLE_MODULES = YES;
				CLANG_ENABLE_OBJC_ARC = YES;
				CLANG_ENABLE_OBJC_WEAK = YES;
				CLANG_WARN_BLOCK_CAPTURE_AUTORELEASING = YES;
				CLANG_WARN_BOOL_CONVERSION = YES;
				CLANG_WARN_COMMA = YES;
				CLANG_WARN_CONSTANT_CONVERSION = YES;
				CLANG_WARN_DEPRECATED_OBJC_IMPLEMENTATIONS = YES;
				CLANG_WARN_DIRECT_OBJC_ISA_USAGE = YES_ERROR;
				CLANG_WARN_DOCUMENTATION_COMMENTS = YES;
				CLANG_WARN_EMPTY_BODY = YES;
				CLANG_WARN_ENUM_CONVERSION = YES;
				CLANG_WARN_INFINITE_RECURSION = YES;
				CLANG_WARN_INT_CONVERSION = YES;
				CLANG_WARN_NON_LITERAL_NULL_CONVERSION = YES;
				CLANG_WARN_OBJC_IMPLICIT_RETAIN_SELF = YES;
				CLANG_WARN_OBJC_LITERAL_CONVERSION = YES;
				CLANG_WARN_OBJC_ROOT_CLASS = YES_ERROR;
				CLANG_WARN_RANGE_LOOP_ANALYSIS = YES;
				CLANG_WARN_STRICT_PROTOTYPES = YES;
				CLANG_WARN_SUSPICIOUS_MOVE = YES;
				CLANG_WARN_UNGUARDED_AVAILABILITY = YES_AGGRESSIVE;
				CLANG_WARN_UNREACHABLE_CODE = YES;
				CLANG_WARN__DUPLICATE_METHOD_MATCH = YES;
				COPY_PHASE_STRIP = NO;
				DEBUG_INFORMATION_FORMAT = "dwarf-with-dsym";
				ENABLE_NS_ASSERTIONS = NO;
				ENABLE_STRICT_OBJC_MSGSEND = YES;
				GCC_C_LANGUAGE_STANDARD = gnu11;
				GCC_NO_COMMON_BLOCKS = YES;
				GCC_WARN_64_TO_32_BIT_CONVERSION = YES;
				GCC_WARN_ABOUT_RETURN_TYPE = YES_ERROR;
				GCC_WARN_UNDECLARED_SELECTOR = YES;
				GCC_WARN_UNINITIALIZED_AUTOS = YES_AGGRESSIVE;
				GCC_WARN_UNUSED_FUNCTION = YES;
				GCC_WARN_UNUSED_VARIABLE = YES;
				IPHONEOS_DEPLOYMENT_TARGET = 13.2;
				MTL_ENABLE_DEBUG_INFO = NO;
				MTL_FAST_MATH = YES;
				SDKROOT = iphoneos;
				SWIFT_COMPILATION_MODE = wholemodule;
				SWIFT_OPTIMIZATION_LEVEL = "-O";
				VALIDATE_PRODUCT = YES;
			};
			name = Release;
		};
		ED62D4C2238904C6009B7DA4 /* Debug */ = {
			isa = XCBuildConfiguration;
			buildSettings = {
				ASSETCATALOG_COMPILER_APPICON_NAME = AppIcon;
				CODE_SIGN_STYLE = Automatic;
				DEVELOPMENT_ASSET_PATHS = "\"xxx/Preview Content\"";
				ENABLE_PREVIEWS = YES;
				INFOPLIST_FILE = xxx/Info.plist;
				LD_RUNPATH_SEARCH_PATHS = (
					"$(inherited)",
					"@executable_path/Frameworks",
				);
				PRODUCT_BUNDLE_IDENTIFIER = xxx.xxx;
				PRODUCT_NAME = "$(TARGET_NAME)";
				SWIFT_VERSION = 5.0;
				TARGETED_DEVICE_FAMILY = "1,2";
			};
			name = Debug;
		};
		ED62D4C3238904C6009B7DA4 /* Release */ = {
			isa = XCBuildConfiguration;
			buildSettings = {
				ASSETCATALOG_COMPILER_APPICON_NAME = AppIcon;
				CODE_SIGN_STYLE = Automatic;
				DEVELOPMENT_ASSET_PATHS = "\"xxx/Preview Content\"";
				ENABLE_PREVIEWS = YES;
				INFOPLIST_FILE = xxx/Info.plist;
				LD_RUNPATH_SEARCH_PATHS = (
					"$(inherited)",
					"@executable_path/Frameworks",
				);
				PRODUCT_BUNDLE_IDENTIFIER = xxx.xxx;
				PRODUCT_NAME = "$(TARGET_NAME)";
				SWIFT_VERSION = 5.0;
				TARGETED_DEVICE_FAMILY = "1,2";
			};
			name = Release;
		};
/* End XCBuildConfiguration section */

/* Begin XCConfigurationList section */
		ED62D4A8238904C4009B7DA4 /* Build configuration list for PBXProject "xxx" */ = {
			isa = XCConfigurationList;
			buildConfigurations = (
				ED62D4BF238904C6009B7DA4 /* Debug */,
				ED62D4C0238904C6009B7DA4 /* Release */,
			);
			defaultConfigurationIsVisible = 0;
			defaultConfigurationName = Release;
		};
		ED62D4C1238904C6009B7DA4 /* Build configuration list for PBXNativeTarget "xxx" */ = {
			isa = XCConfigurationList;
			buildConfigurations = (
				ED62D4C2238904C6009B7DA4 /* Debug */,
				ED62D4C3238904C6009B7DA4 /* Release */,
			);
			defaultConfigurationIsVisible = 0;
			defaultConfigurationName = Release;
		};
/* End XCConfigurationList section */
	};
	rootObject = ED62D4A5238904C4009B7DA4 /* Project object */;
}
