// !$*UTF8*$!
{
	archiveVersion = 1;
	classes = {
	};
	objectVersion = 50;
	objects = {

/* Begin PBXBuildFile section */
		ED0E26E0239B7D090027AC71 /* AppDelegate.swift in Sources */ = {isa = PBXBuildFile; fileRef = ED0E26DF239B7D090027AC71 /* AppDelegate.swift */; };
		ED0E26E2239B7D090027AC71 /* SceneDelegate.swift in Sources */ = {isa = PBXBuildFile; fileRef = ED0E26E1239B7D090027AC71 /* SceneDelegate.swift */; };
		ED0E26E4239B7D090027AC71 /* ViewController.swift in Sources */ = {isa = PBXBuildFile; fileRef = ED0E26E3239B7D090027AC71 /* ViewController.swift */; };
		ED0E26E7239B7D090027AC71 /* Main.storyboard in Resources */ = {isa = PBXBuildFile; fileRef = ED0E26E5239B7D090027AC71 /* Main.storyboard */; };
		ED0E26E9239B7D140027AC71 /* Assets.xcassets in Resources */ = {isa = PBXBuildFile; fileRef = ED0E26E8239B7D140027AC71 /* Assets.xcassets */; };
		ED0E26EC239B7D140027AC71 /* LaunchScreen.storyboard in Resources */ = {isa = PBXBuildFile; fileRef = ED0E26EA239B7D140027AC71 /* LaunchScreen.storyboard */; };
		ED0E26F4239B8F960027AC71 /* MoMapAnnotation.swift in Sources */ = {isa = PBXBuildFile; fileRef = ED0E26F3239B8F960027AC71 /* MoMapAnnotation.swift */; };
		ED0E26F6239B96050027AC71 /* DetailViewController.swift in Sources */ = {isa = PBXBuildFile; fileRef = ED0E26F5239B96050027AC71 /* DetailViewController.swift */; };
/* End PBXBuildFile section */

/* Begin PBXFileReference section */
		ED0E26DC239B7D090027AC71 /* MyMapViewApp.app */ = {isa = PBXFileReference; explicitFileType = wrapper.application; includeInIndex = 0; path = MyMapViewApp.app; sourceTree = BUILT_PRODUCTS_DIR; };
		ED0E26DF239B7D090027AC71 /* AppDelegate.swift */ = {isa = PBXFileReference; lastKnownFileType = sourcecode.swift; path = AppDelegate.swift; sourceTree = "<group>"; };
		ED0E26E1239B7D090027AC71 /* SceneDelegate.swift */ = {isa = PBXFileReference; lastKnownFileType = sourcecode.swift; path = SceneDelegate.swift; sourceTree = "<group>"; };
		ED0E26E3239B7D090027AC71 /* ViewController.swift */ = {isa = PBXFileReference; lastKnownFileType = sourcecode.swift; path = ViewController.swift; sourceTree = "<group>"; };
		ED0E26E6239B7D090027AC71 /* Base */ = {isa = PBXFileReference; lastKnownFileType = file.storyboard; name = Base; path = Base.lproj/Main.storyboard; sourceTree = "<group>"; };
		ED0E26E8239B7D140027AC71 /* Assets.xcassets */ = {isa = PBXFileReference; lastKnownFileType = folder.assetcatalog; path = Assets.xcassets; sourceTree = "<group>"; };
		ED0E26EB239B7D140027AC71 /* Base */ = {isa = PBXFileReference; lastKnownFileType = file.storyboard; name = Base; path = Base.lproj/LaunchScreen.storyboard; sourceTree = "<group>"; };
		ED0E26ED239B7D140027AC71 /* Info.plist */ = {isa = PBXFileReference; lastKnownFileType = text.plist.xml; path = Info.plist; sourceTree = "<group>"; };
		ED0E26F3239B8F960027AC71 /* MoMapAnnotation.swift */ = {isa = PBXFileReference; lastKnownFileType = sourcecode.swift; path = MoMapAnnotation.swift; sourceTree = "<group>"; };
		ED0E26F5239B96050027AC71 /* DetailViewController.swift */ = {isa = PBXFileReference; lastKnownFileType = sourcecode.swift; path = DetailViewController.swift; sourceTree = "<group>"; };
/* End PBXFileReference section */

/* Begin PBXFrameworksBuildPhase section */
		ED0E26D9239B7D090027AC71 /* Frameworks */ = {
			isa = PBXFrameworksBuildPhase;
			buildActionMask = 2147483647;
			files = (
			);
			runOnlyForDeploymentPostprocessing = 0;
		};
/* End PBXFrameworksBuildPhase section */

/* Begin PBXGroup section */
		ED0E26D3239B7D090027AC71 = {
			isa = PBXGroup;
			children = (
				ED0E26DE239B7D090027AC71 /* MyMapViewApp */,
				ED0E26DD239B7D090027AC71 /* Products */,
			);
			sourceTree = "<group>";
		};
		ED0E26DD239B7D090027AC71 /* Products */ = {
			isa = PBXGroup;
			children = (
				ED0E26DC239B7D090027AC71 /* MyMapViewApp.app */,
			);
			name = Products;
			sourceTree = "<group>";
		};
		ED0E26DE239B7D090027AC71 /* MyMapViewApp */ = {
			isa = PBXGroup;
			children = (
				ED0E26DF239B7D090027AC71 /* AppDelegate.swift */,
				ED0E26E1239B7D090027AC71 /* SceneDelegate.swift */,
				ED0E26E3239B7D090027AC71 /* ViewController.swift */,
				ED0E26E5239B7D090027AC71 /* Main.storyboard */,
				ED0E26E8239B7D140027AC71 /* Assets.xcassets */,
				ED0E26EA239B7D140027AC71 /* LaunchScreen.storyboard */,
				ED0E26ED239B7D140027AC71 /* Info.plist */,
				ED0E26F3239B8F960027AC71 /* MoMapAnnotation.swift */,
				ED0E26F5239B96050027AC71 /* DetailViewController.swift */,
			);
			path = MyMapViewApp;
			sourceTree = "<group>";
		};
/* End PBXGroup section */

/* Begin PBXNativeTarget section */
		ED0E26DB239B7D090027AC71 /* MyMapViewApp */ = {
			isa = PBXNativeTarget;
			buildConfigurationList = ED0E26F0239B7D140027AC71 /* Build configuration list for PBXNativeTarget "MyMapViewApp" */;
			buildPhases = (
				ED0E26D8239B7D090027AC71 /* Sources */,
				ED0E26D9239B7D090027AC71 /* Frameworks */,
				ED0E26DA239B7D090027AC71 /* Resources */,
			);
			buildRules = (
			);
			dependencies = (
			);
			name = MyMapViewApp;
			productName = MyMapViewApp;
			productReference = ED0E26DC239B7D090027AC71 /* MyMapViewApp.app */;
			productType = "com.apple.product-type.application";
		};
/* End PBXNativeTarget section */

/* Begin PBXProject section */
		ED0E26D4239B7D090027AC71 /* Project object */ = {
			isa = PBXProject;
			attributes = {
				LastSwiftUpdateCheck = 1120;
				LastUpgradeCheck = 1120;
				ORGANIZATIONNAME = MO/IO;
				TargetAttributes = {
					ED0E26DB239B7D090027AC71 = {
						CreatedOnToolsVersion = 11.2.1;
					};
				};
			};
			buildConfigurationList = ED0E26D7239B7D090027AC71 /* Build configuration list for PBXProject "MyMapViewApp" */;
			compatibilityVersion = "Xcode 9.3";
			developmentRegion = en;
			hasScannedForEncodings = 0;
			knownRegions = (
				en,
				Base,
			);
			mainGroup = ED0E26D3239B7D090027AC71;
			productRefGroup = ED0E26DD239B7D090027AC71 /* Products */;
			projectDirPath = "";
			projectRoot = "";
			targets = (
				ED0E26DB239B7D090027AC71 /* MyMapViewApp */,
			);
		};
/* End PBXProject section */

/* Begin PBXResourcesBuildPhase section */
		ED0E26DA239B7D090027AC71 /* Resources */ = {
			isa = PBXResourcesBuildPhase;
			buildActionMask = 2147483647;
			files = (
				ED0E26EC239B7D140027AC71 /* LaunchScreen.storyboard in Resources */,
				ED0E26E9239B7D140027AC71 /* Assets.xcassets in Resources */,
				ED0E26E7239B7D090027AC71 /* Main.storyboard in Resources */,
			);
			runOnlyForDeploymentPostprocessing = 0;
		};
/* End PBXResourcesBuildPhase section */

/* Begin PBXSourcesBuildPhase section */
		ED0E26D8239B7D090027AC71 /* Sources */ = {
			isa = PBXSourcesBuildPhase;
			buildActionMask = 2147483647;
			files = (
				ED0E26E4239B7D090027AC71 /* ViewController.swift in Sources */,
				ED0E26F4239B8F960027AC71 /* MoMapAnnotation.swift in Sources */,
				ED0E26F6239B96050027AC71 /* DetailViewController.swift in Sources */,
				ED0E26E0239B7D090027AC71 /* AppDelegate.swift in Sources */,
				ED0E26E2239B7D090027AC71 /* SceneDelegate.swift in Sources */,
			);
			runOnlyForDeploymentPostprocessing = 0;
		};
/* End PBXSourcesBuildPhase section */

/* Begin PBXVariantGroup section */
		ED0E26E5239B7D090027AC71 /* Main.storyboard */ = {
			isa = PBXVariantGroup;
			children = (
				ED0E26E6239B7D090027AC71 /* Base */,
			);
			name = Main.storyboard;
			sourceTree = "<group>";
		};
		ED0E26EA239B7D140027AC71 /* LaunchScreen.storyboard */ = {
			isa = PBXVariantGroup;
			children = (
				ED0E26EB239B7D140027AC71 /* Base */,
			);
			name = LaunchScreen.storyboard;
			sourceTree = "<group>";
		};
/* End PBXVariantGroup section */

/* Begin XCBuildConfiguration section */
		ED0E26EE239B7D140027AC71 /* Debug */ = {
			isa = XCBuildConfiguration;
			buildSettings = {
				ALWAYS_SEARCH_USER_PATHS = NO;
				CLANG_ANALYZER_NONNULL = YES;
				CLANG_ANALYZER_NUMBER_OBJECT_CONVERSION = YES_AGGRESSIVE;
				CLANG_CXX_LANGUAGE_STANDARD = "gnu++14";
				CLANG_CXX_LIBRARY = "libc++";
				CLANG_ENABLE_MODULES = YES;
				CLANG_ENABLE_OBJC_ARC = YES;
				CLANG_ENABLE_OBJC_WEAK = YES;
				CLANG_WARN_BLOCK_CAPTURE_AUTORELEASING = YES;
				CLANG_WARN_BOOL_CONVERSION = YES;
				CLANG_WARN_COMMA = YES;
				CLANG_WARN_CONSTANT_CONVERSION = YES;
				CLANG_WARN_DEPRECATED_OBJC_IMPLEMENTATIONS = YES;
				CLANG_WARN_DIRECT_OBJC_ISA_USAGE = YES_ERROR;
				CLANG_WARN_DOCUMENTATION_COMMENTS = YES;
				CLANG_WARN_EMPTY_BODY = YES;
				CLANG_WARN_ENUM_CONVERSION = YES;
				CLANG_WARN_INFINITE_RECURSION = YES;
				CLANG_WARN_INT_CONVERSION = YES;
				CLANG_WARN_NON_LITERAL_NULL_CONVERSION = YES;
				CLANG_WARN_OBJC_IMPLICIT_RETAIN_SELF = YES;
				CLANG_WARN_OBJC_LITERAL_CONVERSION = YES;
				CLANG_WARN_OBJC_ROOT_CLASS = YES_ERROR;
				CLANG_WARN_RANGE_LOOP_ANALYSIS = YES;
				CLANG_WARN_STRICT_PROTOTYPES = YES;
				CLANG_WARN_SUSPICIOUS_MOVE = YES;
				CLANG_WARN_UNGUARDED_AVAILABILITY = YES_AGGRESSIVE;
				CLANG_WARN_UNREACHABLE_CODE = YES;
				CLANG_WARN__DUPLICATE_METHOD_MATCH = YES;
				COPY_PHASE_STRIP = NO;
				DEBUG_INFORMATION_FORMAT = dwarf;
				ENABLE_STRICT_OBJC_MSGSEND = YES;
				ENABLE_TESTABILITY = YES;
				GCC_C_LANGUAGE_STANDARD = gnu11;
				GCC_DYNAMIC_NO_PIC = NO;
				GCC_NO_COMMON_BLOCKS = YES;
				GCC_OPTIMIZATION_LEVEL = 0;
				GCC_PREPROCESSOR_DEFINITIONS = (
					"DEBUG=1",
					"$(inherited)",
				);
				GCC_WARN_64_TO_32_BIT_CONVERSION = YES;
				GCC_WARN_ABOUT_RETURN_TYPE = YES_ERROR;
				GCC_WARN_UNDECLARED_SELECTOR = YES;
				GCC_WARN_UNINITIALIZED_AUTOS = YES_AGGRESSIVE;
				GCC_WARN_UNUSED_FUNCTION = YES;
				GCC_WARN_UNUSED_VARIABLE = YES;
				IPHONEOS_DEPLOYMENT_TARGET = 13.2;
				MTL_ENABLE_DEBUG_INFO = INCLUDE_SOURCE;
				MTL_FAST_MATH = YES;
				ONLY_ACTIVE_ARCH = YES;
				SDKROOT = iphoneos;
				SWIFT_ACTIVE_COMPILATION_CONDITIONS = DEBUG;
				SWIFT_OPTIMIZATION_LEVEL = "-Onone";
			};
			name = Debug;
		};
		ED0E26EF239B7D140027AC71 /* Release */ = {
			isa = XCBuildConfiguration;
			buildSettings = {
				ALWAYS_SEARCH_USER_PATHS = NO;
				CLANG_ANALYZER_NONNULL = YES;
				CLANG_ANALYZER_NUMBER_OBJECT_CONVERSION = YES_AGGRESSIVE;
				CLANG_CXX_LANGUAGE_STANDARD = "gnu++14";
				CLANG_CXX_LIBRARY = "libc++";
				CLANG_ENABLE_MODULES = YES;
				CLANG_ENABLE_OBJC_ARC = YES;
				CLANG_ENABLE_OBJC_WEAK = YES;
				CLANG_WARN_BLOCK_CAPTURE_AUTORELEASING = YES;
				CLANG_WARN_BOOL_CONVERSION = YES;
				CLANG_WARN_COMMA = YES;
				CLANG_WARN_CONSTANT_CONVERSION = YES;
				CLANG_WARN_DEPRECATED_OBJC_IMPLEMENTATIONS = YES;
				CLANG_WARN_DIRECT_OBJC_ISA_USAGE = YES_ERROR;
				CLANG_WARN_DOCUMENTATION_COMMENTS = YES;
				CLANG_WARN_EMPTY_BODY = YES;
				CLANG_WARN_ENUM_CONVERSION = YES;
				CLANG_WARN_INFINITE_RECURSION = YES;
				CLANG_WARN_INT_CONVERSION = YES;
				CLANG_WARN_NON_LITERAL_NULL_CONVERSION = YES;
				CLANG_WARN_OBJC_IMPLICIT_RETAIN_SELF = YES;
				CLANG_WARN_OBJC_LITERAL_CONVERSION = YES;
				CLANG_WARN_OBJC_ROOT_CLASS = YES_ERROR;
				CLANG_WARN_RANGE_LOOP_ANALYSIS = YES;
				CLANG_WARN_STRICT_PROTOTYPES = YES;
				CLANG_WARN_SUSPICIOUS_MOVE = YES;
				CLANG_WARN_UNGUARDED_AVAILABILITY = YES_AGGRESSIVE;
				CLANG_WARN_UNREACHABLE_CODE = YES;
				CLANG_WARN__DUPLICATE_METHOD_MATCH = YES;
				COPY_PHASE_STRIP = NO;
				DEBUG_INFORMATION_FORMAT = "dwarf-with-dsym";
				ENABLE_NS_ASSERTIONS = NO;
				ENABLE_STRICT_OBJC_MSGSEND = YES;
				GCC_C_LANGUAGE_STANDARD = gnu11;
				GCC_NO_COMMON_BLOCKS = YES;
				GCC_WARN_64_TO_32_BIT_CONVERSION = YES;
				GCC_WARN_ABOUT_RETURN_TYPE = YES_ERROR;
				GCC_WARN_UNDECLARED_SELECTOR = YES;
				GCC_WARN_UNINITIALIZED_AUTOS = YES_AGGRESSIVE;
				GCC_WARN_UNUSED_FUNCTION = YES;
				GCC_WARN_UNUSED_VARIABLE = YES;
				IPHONEOS_DEPLOYMENT_TARGET = 13.2;
				MTL_ENABLE_DEBUG_INFO = NO;
				MTL_FAST_MATH = YES;
				SDKROOT = iphoneos;
				SWIFT_COMPILATION_MODE = wholemodule;
				SWIFT_OPTIMIZATION_LEVEL = "-O";
				VALIDATE_PRODUCT = YES;
			};
			name = Release;
		};
		ED0E26F1239B7D140027AC71 /* Debug */ = {
			isa = XCBuildConfiguration;
			buildSettings = {
				ASSETCATALOG_COMPILER_APPICON_NAME = AppIcon;
				CODE_SIGN_STYLE = Automatic;
				INFOPLIST_FILE = MyMapViewApp/Info.plist;
				LD_RUNPATH_SEARCH_PATHS = (
					"$(inherited)",
					"@executable_path/Frameworks",
				);
				PRODUCT_BUNDLE_IDENTIFIER = company.mossnana.MyMapViewApp;
				PRODUCT_NAME = "$(TARGET_NAME)";
				SWIFT_VERSION = 5.0;
				TARGETED_DEVICE_FAMILY = "1,2";
			};
			name = Debug;
		};
		ED0E26F2239B7D140027AC71 /* Release */ = {
			isa = XCBuildConfiguration;
			buildSettings = {
				ASSETCATALOG_COMPILER_APPICON_NAME = AppIcon;
				CODE_SIGN_STYLE = Automatic;
				INFOPLIST_FILE = MyMapViewApp/Info.plist;
				LD_RUNPATH_SEARCH_PATHS = (
					"$(inherited)",
					"@executable_path/Frameworks",
				);
				PRODUCT_BUNDLE_IDENTIFIER = company.mossnana.MyMapViewApp;
				PRODUCT_NAME = "$(TARGET_NAME)";
				SWIFT_VERSION = 5.0;
				TARGETED_DEVICE_FAMILY = "1,2";
			};
			name = Release;
		};
/* End XCBuildConfiguration section */

/* Begin XCConfigurationList section */
		ED0E26D7239B7D090027AC71 /* Build configuration list for PBXProject "MyMapViewApp" */ = {
			isa = XCConfigurationList;
			buildConfigurations = (
				ED0E26EE239B7D140027AC71 /* Debug */,
				ED0E26EF239B7D140027AC71 /* Release */,
			);
			defaultConfigurationIsVisible = 0;
			defaultConfigurationName = Release;
		};
		ED0E26F0239B7D140027AC71 /* Build configuration list for PBXNativeTarget "MyMapViewApp" */ = {
			isa = XCConfigurationList;
			buildConfigurations = (
				ED0E26F1239B7D140027AC71 /* Debug */,
				ED0E26F2239B7D140027AC71 /* Release */,
			);
			defaultConfigurationIsVisible = 0;
			defaultConfigurationName = Release;
		};
/* End XCConfigurationList section */
	};
	rootObject = ED0E26D4239B7D090027AC71 /* Project object */;
}
