// !$*UTF8*$!
{
	archiveVersion = 1;
	classes = {
	};
	objectVersion = 48;
	objects = {

/* Begin PBXBuildFile section */
		D7792AB91F8E6D5D007DE592 /* AppDelegate.swift in Sources */ = {isa = PBXBuildFile; fileRef = D7792AB81F8E6D5D007DE592 /* AppDelegate.swift */; };
		D7792ABB1F8E6D5D007DE592 /* MainViewController.swift in Sources */ = {isa = PBXBuildFile; fileRef = D7792ABA1F8E6D5D007DE592 /* MainViewController.swift */; };
		D7792ABE1F8E6D5D007DE592 /* Main.storyboard in Resources */ = {isa = PBXBuildFile; fileRef = D7792ABC1F8E6D5D007DE592 /* Main.storyboard */; };
		D7792AC01F8E6D5D007DE592 /* Assets.xcassets in Resources */ = {isa = PBXBuildFile; fileRef = D7792ABF1F8E6D5D007DE592 /* Assets.xcassets */; };
		D7792AC31F8E6D5D007DE592 /* LaunchScreen.storyboard in Resources */ = {isa = PBXBuildFile; fileRef = D7792AC11F8E6D5D007DE592 /* LaunchScreen.storyboard */; };
		D7C8C0561F90971100F98B9E /* MessageTableViewCell.swift in Sources */ = {isa = PBXBuildFile; fileRef = D7C8C0551F90971100F98B9E /* MessageTableViewCell.swift */; };
		D7F6A0A61F8FC1F600FCFD97 /* MyChatViewController.swift in Sources */ = {isa = PBXBuildFile; fileRef = D7F6A0A51F8FC1F600FCFD97 /* MyChatViewController.swift */; };
		D7F6A0A81F8FCDDB00FCFD97 /* SignInViewController.swift in Sources */ = {isa = PBXBuildFile; fileRef = D7F6A0A71F8FCDDB00FCFD97 /* SignInViewController.swift */; };
		D7F6A0AA1F8FD15C00FCFD97 /* RegisterViewController.swift in Sources */ = {isa = PBXBuildFile; fileRef = D7F6A0A91F8FD15C00FCFD97 /* RegisterViewController.swift */; };
		EFD054D1F044B756A05BACDA /* Pods_MyChatApp.framework in Frameworks */ = {isa = PBXBuildFile; fileRef = 24D85725A7D2D9EA0BBDCBE1 /* Pods_MyChatApp.framework */; };
		F66A7E272414AD7100058449 /* GoogleService-Info.plist in Resources */ = {isa = PBXBuildFile; fileRef = F66A7E262414AD7100058449 /* GoogleService-Info.plist */; };
		F66A7E292414C87400058449 /* Message.swift in Sources */ = {isa = PBXBuildFile; fileRef = F66A7E282414C87400058449 /* Message.swift */; };
/* End PBXBuildFile section */

/* Begin PBXFileReference section */
		24D85725A7D2D9EA0BBDCBE1 /* Pods_MyChatApp.framework */ = {isa = PBXFileReference; explicitFileType = wrapper.framework; includeInIndex = 0; path = Pods_MyChatApp.framework; sourceTree = BUILT_PRODUCTS_DIR; };
		A87837C86B3F23ECDDEAFCFB /* Pods-MyChatApp.debug.xcconfig */ = {isa = PBXFileReference; includeInIndex = 1; lastKnownFileType = text.xcconfig; name = "Pods-MyChatApp.debug.xcconfig"; path = "Target Support Files/Pods-MyChatApp/Pods-MyChatApp.debug.xcconfig"; sourceTree = "<group>"; };
		C81C2A6ED72D085E05FA0A9D /* Pods-MyChatApp.release.xcconfig */ = {isa = PBXFileReference; includeInIndex = 1; lastKnownFileType = text.xcconfig; name = "Pods-MyChatApp.release.xcconfig"; path = "Target Support Files/Pods-MyChatApp/Pods-MyChatApp.release.xcconfig"; sourceTree = "<group>"; };
		D7792AB51F8E6D5D007DE592 /* iChat.app */ = {isa = PBXFileReference; explicitFileType = wrapper.application; includeInIndex = 0; path = iChat.app; sourceTree = BUILT_PRODUCTS_DIR; };
		D7792AB81F8E6D5D007DE592 /* AppDelegate.swift */ = {isa = PBXFileReference; lastKnownFileType = sourcecode.swift; path = AppDelegate.swift; sourceTree = "<group>"; };
		D7792ABA1F8E6D5D007DE592 /* MainViewController.swift */ = {isa = PBXFileReference; lastKnownFileType = sourcecode.swift; path = MainViewController.swift; sourceTree = "<group>"; };
		D7792ABD1F8E6D5D007DE592 /* Base */ = {isa = PBXFileReference; lastKnownFileType = file.storyboard; name = Base; path = Base.lproj/Main.storyboard; sourceTree = "<group>"; };
		D7792ABF1F8E6D5D007DE592 /* Assets.xcassets */ = {isa = PBXFileReference; lastKnownFileType = folder.assetcatalog; path = Assets.xcassets; sourceTree = "<group>"; };
		D7792AC21F8E6D5D007DE592 /* Base */ = {isa = PBXFileReference; lastKnownFileType = file.storyboard; name = Base; path = Base.lproj/LaunchScreen.storyboard; sourceTree = "<group>"; };
		D7792AC41F8E6D5D007DE592 /* Info.plist */ = {isa = PBXFileReference; lastKnownFileType = text.plist.xml; path = Info.plist; sourceTree = "<group>"; };
		D7C8C0551F90971100F98B9E /* MessageTableViewCell.swift */ = {isa = PBXFileReference; lastKnownFileType = sourcecode.swift; path = MessageTableViewCell.swift; sourceTree = "<group>"; };
		D7F6A0A51F8FC1F600FCFD97 /* MyChatViewController.swift */ = {isa = PBXFileReference; lastKnownFileType = sourcecode.swift; path = MyChatViewController.swift; sourceTree = "<group>"; };
		D7F6A0A71F8FCDDB00FCFD97 /* SignInViewController.swift */ = {isa = PBXFileReference; lastKnownFileType = sourcecode.swift; path = SignInViewController.swift; sourceTree = "<group>"; };
		D7F6A0A91F8FD15C00FCFD97 /* RegisterViewController.swift */ = {isa = PBXFileReference; lastKnownFileType = sourcecode.swift; path = RegisterViewController.swift; sourceTree = "<group>"; };
		F66A7E262414AD7100058449 /* GoogleService-Info.plist */ = {isa = PBXFileReference; fileEncoding = 4; lastKnownFileType = text.plist.xml; path = "GoogleService-Info.plist"; sourceTree = "<group>"; };
		F66A7E282414C87400058449 /* Message.swift */ = {isa = PBXFileReference; lastKnownFileType = sourcecode.swift; path = Message.swift; sourceTree = "<group>"; };
/* End PBXFileReference section */

/* Begin PBXFrameworksBuildPhase section */
		D7792AB21F8E6D5D007DE592 /* Frameworks */ = {
			isa = PBXFrameworksBuildPhase;
			buildActionMask = 2147483647;
			files = (
				EFD054D1F044B756A05BACDA /* Pods_MyChatApp.framework in Frameworks */,
			);
			runOnlyForDeploymentPostprocessing = 0;
		};
/* End PBXFrameworksBuildPhase section */

/* Begin PBXGroup section */
		3E5C88663B73C621B88771F0 /* Frameworks */ = {
			isa = PBXGroup;
			children = (
				24D85725A7D2D9EA0BBDCBE1 /* Pods_MyChatApp.framework */,
			);
			name = Frameworks;
			sourceTree = "<group>";
		};
		C86E9732B09FE4DE81974DE7 /* Pods */ = {
			isa = PBXGroup;
			children = (
				A87837C86B3F23ECDDEAFCFB /* Pods-MyChatApp.debug.xcconfig */,
				C81C2A6ED72D085E05FA0A9D /* Pods-MyChatApp.release.xcconfig */,
			);
			path = Pods;
			sourceTree = "<group>";
		};
		D7792AAC1F8E6D5D007DE592 = {
			isa = PBXGroup;
			children = (
				D7792AB71F8E6D5D007DE592 /* MyChatApp */,
				D7792AB61F8E6D5D007DE592 /* Products */,
				C86E9732B09FE4DE81974DE7 /* Pods */,
				3E5C88663B73C621B88771F0 /* Frameworks */,
			);
			sourceTree = "<group>";
		};
		D7792AB61F8E6D5D007DE592 /* Products */ = {
			isa = PBXGroup;
			children = (
				D7792AB51F8E6D5D007DE592 /* iChat.app */,
			);
			name = Products;
			sourceTree = "<group>";
		};
		D7792AB71F8E6D5D007DE592 /* MyChatApp */ = {
			isa = PBXGroup;
			children = (
				F66A7E262414AD7100058449 /* GoogleService-Info.plist */,
				D7792AB81F8E6D5D007DE592 /* AppDelegate.swift */,
				D7792ABA1F8E6D5D007DE592 /* MainViewController.swift */,
				D7792ABC1F8E6D5D007DE592 /* Main.storyboard */,
				D7C8C0551F90971100F98B9E /* MessageTableViewCell.swift */,
				D7F6A0A91F8FD15C00FCFD97 /* RegisterViewController.swift */,
				D7F6A0A71F8FCDDB00FCFD97 /* SignInViewController.swift */,
				D7F6A0A51F8FC1F600FCFD97 /* MyChatViewController.swift */,
				D7792ABF1F8E6D5D007DE592 /* Assets.xcassets */,
				D7792AC11F8E6D5D007DE592 /* LaunchScreen.storyboard */,
				D7792AC41F8E6D5D007DE592 /* Info.plist */,
				F66A7E282414C87400058449 /* Message.swift */,
			);
			path = MyChatApp;
			sourceTree = "<group>";
		};
/* End PBXGroup section */

/* Begin PBXNativeTarget section */
		D7792AB41F8E6D5D007DE592 /* MyChatApp */ = {
			isa = PBXNativeTarget;
			buildConfigurationList = D7792AC71F8E6D5D007DE592 /* Build configuration list for PBXNativeTarget "MyChatApp" */;
			buildPhases = (
				7B43F8B70EFC4BB4B297A21C /* [CP] Check Pods Manifest.lock */,
				D7792AB11F8E6D5D007DE592 /* Sources */,
				D7792AB21F8E6D5D007DE592 /* Frameworks */,
				D7792AB31F8E6D5D007DE592 /* Resources */,
				5E16E794CDB38CC5E4AC8172 /* [CP] Embed Pods Frameworks */,
			);
			buildRules = (
			);
			dependencies = (
			);
			name = MyChatApp;
			productName = MyChatApp;
			productReference = D7792AB51F8E6D5D007DE592 /* iChat.app */;
			productType = "com.apple.product-type.application";
		};
/* End PBXNativeTarget section */

/* Begin PBXProject section */
		D7792AAD1F8E6D5D007DE592 /* Project object */ = {
			isa = PBXProject;
			attributes = {
				LastSwiftUpdateCheck = 0900;
				LastUpgradeCheck = 1130;
				ORGANIZATIONNAME = ANT;
				TargetAttributes = {
					D7792AB41F8E6D5D007DE592 = {
						CreatedOnToolsVersion = 9.0;
						LastSwiftMigration = 1130;
						ProvisioningStyle = Automatic;
					};
				};
			};
			buildConfigurationList = D7792AB01F8E6D5D007DE592 /* Build configuration list for PBXProject "MyChatApp" */;
			compatibilityVersion = "Xcode 8.0";
			developmentRegion = en;
			hasScannedForEncodings = 0;
			knownRegions = (
				en,
				Base,
			);
			mainGroup = D7792AAC1F8E6D5D007DE592;
			productRefGroup = D7792AB61F8E6D5D007DE592 /* Products */;
			projectDirPath = "";
			projectRoot = "";
			targets = (
				D7792AB41F8E6D5D007DE592 /* MyChatApp */,
			);
		};
/* End PBXProject section */

/* Begin PBXResourcesBuildPhase section */
		D7792AB31F8E6D5D007DE592 /* Resources */ = {
			isa = PBXResourcesBuildPhase;
			buildActionMask = 2147483647;
			files = (
				D7792AC31F8E6D5D007DE592 /* LaunchScreen.storyboard in Resources */,
				F66A7E272414AD7100058449 /* GoogleService-Info.plist in Resources */,
				D7792AC01F8E6D5D007DE592 /* Assets.xcassets in Resources */,
				D7792ABE1F8E6D5D007DE592 /* Main.storyboard in Resources */,
			);
			runOnlyForDeploymentPostprocessing = 0;
		};
/* End PBXResourcesBuildPhase section */

/* Begin PBXShellScriptBuildPhase section */
		5E16E794CDB38CC5E4AC8172 /* [CP] Embed Pods Frameworks */ = {
			isa = PBXShellScriptBuildPhase;
			buildActionMask = 2147483647;
			files = (
			);
			inputPaths = (
				"${PODS_ROOT}/Target Support Files/Pods-MyChatApp/Pods-MyChatApp-frameworks.sh",
				"${BUILT_PRODUCTS_DIR}/GTMSessionFetcher/GTMSessionFetcher.framework",
				"${BUILT_PRODUCTS_DIR}/GoogleUtilities/GoogleUtilities.framework",
				"${BUILT_PRODUCTS_DIR}/PromisesObjC/FBLPromises.framework",
				"${BUILT_PRODUCTS_DIR}/leveldb-library/leveldb.framework",
				"${BUILT_PRODUCTS_DIR}/nanopb/nanopb.framework",
			);
			name = "[CP] Embed Pods Frameworks";
			outputPaths = (
				"${TARGET_BUILD_DIR}/${FRAMEWORKS_FOLDER_PATH}/GTMSessionFetcher.framework",
				"${TARGET_BUILD_DIR}/${FRAMEWORKS_FOLDER_PATH}/GoogleUtilities.framework",
				"${TARGET_BUILD_DIR}/${FRAMEWORKS_FOLDER_PATH}/FBLPromises.framework",
				"${TARGET_BUILD_DIR}/${FRAMEWORKS_FOLDER_PATH}/leveldb.framework",
				"${TARGET_BUILD_DIR}/${FRAMEWORKS_FOLDER_PATH}/nanopb.framework",
			);
			runOnlyForDeploymentPostprocessing = 0;
			shellPath = /bin/sh;
			shellScript = "\"${PODS_ROOT}/Target Support Files/Pods-MyChatApp/Pods-MyChatApp-frameworks.sh\"\n";
			showEnvVarsInLog = 0;
		};
		7B43F8B70EFC4BB4B297A21C /* [CP] Check Pods Manifest.lock */ = {
			isa = PBXShellScriptBuildPhase;
			buildActionMask = 2147483647;
			files = (
			);
			inputFileListPaths = (
			);
			inputPaths = (
				"${PODS_PODFILE_DIR_PATH}/Podfile.lock",
				"${PODS_ROOT}/Manifest.lock",
			);
			name = "[CP] Check Pods Manifest.lock";
			outputFileListPaths = (
			);
			outputPaths = (
				"$(DERIVED_FILE_DIR)/Pods-MyChatApp-checkManifestLockResult.txt",
			);
			runOnlyForDeploymentPostprocessing = 0;
			shellPath = /bin/sh;
			shellScript = "diff \"${PODS_PODFILE_DIR_PATH}/Podfile.lock\" \"${PODS_ROOT}/Manifest.lock\" > /dev/null\nif [ $? != 0 ] ; then\n    # print error to STDERR\n    echo \"error: The sandbox is not in sync with the Podfile.lock. Run 'pod install' or update your CocoaPods installation.\" >&2\n    exit 1\nfi\n# This output is used by Xcode 'outputs' to avoid re-running this script phase.\necho \"SUCCESS\" > \"${SCRIPT_OUTPUT_FILE_0}\"\n";
			showEnvVarsInLog = 0;
		};
/* End PBXShellScriptBuildPhase section */

/* Begin PBXSourcesBuildPhase section */
		D7792AB11F8E6D5D007DE592 /* Sources */ = {
			isa = PBXSourcesBuildPhase;
			buildActionMask = 2147483647;
			files = (
				D7F6A0A81F8FCDDB00FCFD97 /* SignInViewController.swift in Sources */,
				D7F6A0AA1F8FD15C00FCFD97 /* RegisterViewController.swift in Sources */,
				D7792ABB1F8E6D5D007DE592 /* MainViewController.swift in Sources */,
				D7F6A0A61F8FC1F600FCFD97 /* MyChatViewController.swift in Sources */,
				D7792AB91F8E6D5D007DE592 /* AppDelegate.swift in Sources */,
				D7C8C0561F90971100F98B9E /* MessageTableViewCell.swift in Sources */,
				F66A7E292414C87400058449 /* Message.swift in Sources */,
			);
			runOnlyForDeploymentPostprocessing = 0;
		};
/* End PBXSourcesBuildPhase section */

/* Begin PBXVariantGroup section */
		D7792ABC1F8E6D5D007DE592 /* Main.storyboard */ = {
			isa = PBXVariantGroup;
			children = (
				D7792ABD1F8E6D5D007DE592 /* Base */,
			);
			name = Main.storyboard;
			sourceTree = "<group>";
		};
		D7792AC11F8E6D5D007DE592 /* LaunchScreen.storyboard */ = {
			isa = PBXVariantGroup;
			children = (
				D7792AC21F8E6D5D007DE592 /* Base */,
			);
			name = LaunchScreen.storyboard;
			sourceTree = "<group>";
		};
/* End PBXVariantGroup section */

/* Begin XCBuildConfiguration section */
		D7792AC51F8E6D5D007DE592 /* Debug */ = {
			isa = XCBuildConfiguration;
			buildSettings = {
				ALWAYS_SEARCH_USER_PATHS = NO;
				CLANG_ANALYZER_NONNULL = YES;
				CLANG_ANALYZER_NUMBER_OBJECT_CONVERSION = YES_AGGRESSIVE;
				CLANG_CXX_LANGUAGE_STANDARD = "gnu++14";
				CLANG_CXX_LIBRARY = "libc++";
				CLANG_ENABLE_MODULES = YES;
				CLANG_ENABLE_OBJC_ARC = YES;
				CLANG_WARN_BLOCK_CAPTURE_AUTORELEASING = YES;
				CLANG_WARN_BOOL_CONVERSION = YES;
				CLANG_WARN_COMMA = YES;
				CLANG_WARN_CONSTANT_CONVERSION = YES;
				CLANG_WARN_DEPRECATED_OBJC_IMPLEMENTATIONS = YES;
				CLANG_WARN_DIRECT_OBJC_ISA_USAGE = YES_ERROR;
				CLANG_WARN_DOCUMENTATION_COMMENTS = YES;
				CLANG_WARN_EMPTY_BODY = YES;
				CLANG_WARN_ENUM_CONVERSION = YES;
				CLANG_WARN_INFINITE_RECURSION = YES;
				CLANG_WARN_INT_CONVERSION = YES;
				CLANG_WARN_NON_LITERAL_NULL_CONVERSION = YES;
				CLANG_WARN_OBJC_IMPLICIT_RETAIN_SELF = YES;
				CLANG_WARN_OBJC_LITERAL_CONVERSION = YES;
				CLANG_WARN_OBJC_ROOT_CLASS = YES_ERROR;
				CLANG_WARN_RANGE_LOOP_ANALYSIS = YES;
				CLANG_WARN_STRICT_PROTOTYPES = YES;
				CLANG_WARN_SUSPICIOUS_MOVE = YES;
				CLANG_WARN_UNGUARDED_AVAILABILITY = YES_AGGRESSIVE;
				CLANG_WARN_UNREACHABLE_CODE = YES;
				CLANG_WARN__DUPLICATE_METHOD_MATCH = YES;
				CODE_SIGN_IDENTITY = "iPhone Developer";
				COPY_PHASE_STRIP = NO;
				DEBUG_INFORMATION_FORMAT = dwarf;
				ENABLE_STRICT_OBJC_MSGSEND = YES;
				ENABLE_TESTABILITY = YES;
				GCC_C_LANGUAGE_STANDARD = gnu11;
				GCC_DYNAMIC_NO_PIC = NO;
				GCC_NO_COMMON_BLOCKS = YES;
				GCC_OPTIMIZATION_LEVEL = 0;
				GCC_PREPROCESSOR_DEFINITIONS = (
					"DEBUG=1",
					"$(inherited)",
				);
				GCC_WARN_64_TO_32_BIT_CONVERSION = YES;
				GCC_WARN_ABOUT_RETURN_TYPE = YES_ERROR;
				GCC_WARN_UNDECLARED_SELECTOR = YES;
				GCC_WARN_UNINITIALIZED_AUTOS = YES_AGGRESSIVE;
				GCC_WARN_UNUSED_FUNCTION = YES;
				GCC_WARN_UNUSED_VARIABLE = YES;
				IPHONEOS_DEPLOYMENT_TARGET = 11.0;
				MTL_ENABLE_DEBUG_INFO = YES;
				ONLY_ACTIVE_ARCH = YES;
				SDKROOT = iphoneos;
				SWIFT_ACTIVE_COMPILATION_CONDITIONS = DEBUG;
				SWIFT_OPTIMIZATION_LEVEL = "-Onone";
			};
			name = Debug;
		};
		D7792AC61F8E6D5D007DE592 /* Release */ = {
			isa = XCBuildConfiguration;
			buildSettings = {
				ALWAYS_SEARCH_USER_PATHS = NO;
				CLANG_ANALYZER_NONNULL = YES;
				CLANG_ANALYZER_NUMBER_OBJECT_CONVERSION = YES_AGGRESSIVE;
				CLANG_CXX_LANGUAGE_STANDARD = "gnu++14";
				CLANG_CXX_LIBRARY = "libc++";
				CLANG_ENABLE_MODULES = YES;
				CLANG_ENABLE_OBJC_ARC = YES;
				CLANG_WARN_BLOCK_CAPTURE_AUTORELEASING = YES;
				CLANG_WARN_BOOL_CONVERSION = YES;
				CLANG_WARN_COMMA = YES;
				CLANG_WARN_CONSTANT_CONVERSION = YES;
				CLANG_WARN_DEPRECATED_OBJC_IMPLEMENTATIONS = YES;
				CLANG_WARN_DIRECT_OBJC_ISA_USAGE = YES_ERROR;
				CLANG_WARN_DOCUMENTATION_COMMENTS = YES;
				CLANG_WARN_EMPTY_BODY = YES;
				CLANG_WARN_ENUM_CONVERSION = YES;
				CLANG_WARN_INFINITE_RECURSION = YES;
				CLANG_WARN_INT_CONVERSION = YES;
				CLANG_WARN_NON_LITERAL_NULL_CONVERSION = YES;
				CLANG_WARN_OBJC_IMPLICIT_RETAIN_SELF = YES;
				CLANG_WARN_OBJC_LITERAL_CONVERSION = YES;
				CLANG_WARN_OBJC_ROOT_CLASS = YES_ERROR;
				CLANG_WARN_RANGE_LOOP_ANALYSIS = YES;
				CLANG_WARN_STRICT_PROTOTYPES = YES;
				CLANG_WARN_SUSPICIOUS_MOVE = YES;
				CLANG_WARN_UNGUARDED_AVAILABILITY = YES_AGGRESSIVE;
				CLANG_WARN_UNREACHABLE_CODE = YES;
				CLANG_WARN__DUPLICATE_METHOD_MATCH = YES;
				CODE_SIGN_IDENTITY = "iPhone Developer";
				COPY_PHASE_STRIP = NO;
				DEBUG_INFORMATION_FORMAT = "dwarf-with-dsym";
				ENABLE_NS_ASSERTIONS = NO;
				ENABLE_STRICT_OBJC_MSGSEND = YES;
				GCC_C_LANGUAGE_STANDARD = gnu11;
				GCC_NO_COMMON_BLOCKS = YES;
				GCC_WARN_64_TO_32_BIT_CONVERSION = YES;
				GCC_WARN_ABOUT_RETURN_TYPE = YES_ERROR;
				GCC_WARN_UNDECLARED_SELECTOR = YES;
				GCC_WARN_UNINITIALIZED_AUTOS = YES_AGGRESSIVE;
				GCC_WARN_UNUSED_FUNCTION = YES;
				GCC_WARN_UNUSED_VARIABLE = YES;
				IPHONEOS_DEPLOYMENT_TARGET = 11.0;
				MTL_ENABLE_DEBUG_INFO = NO;
				SDKROOT = iphoneos;
				SWIFT_OPTIMIZATION_LEVEL = "-Owholemodule";
				VALIDATE_PRODUCT = YES;
			};
			name = Release;
		};
		D7792AC81F8E6D5D007DE592 /* Debug */ = {
			isa = XCBuildConfiguration;
			baseConfigurationReference = A87837C86B3F23ECDDEAFCFB /* Pods-MyChatApp.debug.xcconfig */;
			buildSettings = {
				ASSETCATALOG_COMPILER_APPICON_NAME = AppIcon;
				CODE_SIGN_STYLE = Automatic;
				DEVELOPMENT_TEAM = TKVFGE39ST;
				INFOPLIST_FILE = MyChatApp/Info.plist;
				LD_RUNPATH_SEARCH_PATHS = "$(inherited) @executable_path/Frameworks";
				PRODUCT_BUNDLE_IDENTIFIER = company.mossnana.ios.iChat;
				PRODUCT_NAME = iChat;
				SWIFT_VERSION = 5.0;
				TARGETED_DEVICE_FAMILY = "1,2";
			};
			name = Debug;
		};
		D7792AC91F8E6D5D007DE592 /* Release */ = {
			isa = XCBuildConfiguration;
			baseConfigurationReference = C81C2A6ED72D085E05FA0A9D /* Pods-MyChatApp.release.xcconfig */;
			buildSettings = {
				ASSETCATALOG_COMPILER_APPICON_NAME = AppIcon;
				CODE_SIGN_STYLE = Automatic;
				DEVELOPMENT_TEAM = TKVFGE39ST;
				INFOPLIST_FILE = MyChatApp/Info.plist;
				LD_RUNPATH_SEARCH_PATHS = "$(inherited) @executable_path/Frameworks";
				PRODUCT_BUNDLE_IDENTIFIER = company.mossnana.ios.iChat;
				PRODUCT_NAME = iChat;
				SWIFT_VERSION = 5.0;
				TARGETED_DEVICE_FAMILY = "1,2";
			};
			name = Release;
		};
/* End XCBuildConfiguration section */

/* Begin XCConfigurationList section */
		D7792AB01F8E6D5D007DE592 /* Build configuration list for PBXProject "MyChatApp" */ = {
			isa = XCConfigurationList;
			buildConfigurations = (
				D7792AC51F8E6D5D007DE592 /* Debug */,
				D7792AC61F8E6D5D007DE592 /* Release */,
			);
			defaultConfigurationIsVisible = 0;
			defaultConfigurationName = Release;
		};
		D7792AC71F8E6D5D007DE592 /* Build configuration list for PBXNativeTarget "MyChatApp" */ = {
			isa = XCConfigurationList;
			buildConfigurations = (
				D7792AC81F8E6D5D007DE592 /* Debug */,
				D7792AC91F8E6D5D007DE592 /* Release */,
			);
			defaultConfigurationIsVisible = 0;
			defaultConfigurationName = Release;
		};
/* End XCConfigurationList section */
	};
	rootObject = D7792AAD1F8E6D5D007DE592 /* Project object */;
}
